
Microsoft Visual Studio Solution File, Format Version 12.00
# Visual Studio Version 17
VisualStudioVersion = 17.14.36429.23 d17.14
MinimumVisualStudioVersion = 10.0.40219.1
Project("{FAE04EC0-301F-11D3-BF4B-00C04F79EFBC}") = "HospitalManagementSystem", "HospitalManagementSystem\HospitalManagementSystem.csproj", "{6E9A5E61-9D68-42A8-92F2-FDFA0436B034}"
EndProject
Global
	GlobalSection(SolutionConfigurationPlatforms) = preSolution
		Debug|Any CPU = Debug|Any CPU
		Release|Any CPU = Release|Any CPU
	EndGlobalSection
	GlobalSection(ProjectConfigurationPlatforms) = postSolution
		{6E9A5E61-9D68-42A8-92F2-FDFA0436B034}.Debug|Any CPU.ActiveCfg = Debug|Any CPU
		{6E9A5E61-9D68-42A8-92F2-FDFA0436B034}.Debug|Any CPU.Build.0 = Debug|Any CPU
		{6E9A5E61-9D68-42A8-92F2-FDFA0436B034}.Release|Any CPU.ActiveCfg = Release|Any CPU
		{6E9A5E61-9D68-42A8-92F2-FDFA0436B034}.Release|Any CPU.Build.0 = Release|Any CPU
	EndGlobalSection
	GlobalSection(SolutionProperties) = preSolution
		HideSolutionNode = FALSE
	EndGlobalSection
	GlobalSection(ExtensibilityGlobals) = postSolution
		SolutionGuid = {4F746D8A-2966-4508-9323-82724B66C310}
	EndGlobalSection
EndGlobal
